
Microsoft Visual Studio Solution File, Format Version 11.00
# Visual C# Express 2010
Project("{FAE04EC0-301F-11D3-BF4B-00C04F79EFBC}") = "XFlixel", "XFlixel\XFlixel.csproj", "{50463AEB-DA30-46D5-B01B-93F9C42F5765}"
EndProject
Project("{FAE04EC0-301F-11D3-BF4B-00C04F79EFBC}") = "XFlixelContent", "XFlixelContent\XFlixelContent.contentproj", "{327F8527-448C-470E-9016-949859914C92}"
EndProject
Project("{FAE04EC0-301F-11D3-BF4B-00C04F79EFBC}") = "Farseer Physics XNA", "XFlixel\Farseer Physics Engine 3.5\Farseer Physics XNA.csproj", "{0A850700-1ABB-4288-A391-6726B90EBEB9}"
EndProject
Project("{FAE04EC0-301F-11D3-BF4B-00C04F79EFBC}") = "XFlixelTemplate", "..\XFlixelTemplate\XFlixelTemplate\XFlixelTemplate\XFlixelTemplate.csproj", "{390EC2F8-722B-42FB-8ED4-4273C94245B6}"
EndProject
Project("{FAE04EC0-301F-11D3-BF4B-00C04F79EFBC}") = "XFlixelTemplateContent", "..\XFlixelTemplate\XFlixelTemplate\XFlixelTemplateContent\XFlixelTemplateContent.contentproj", "{E3D7C5C9-FC6B-420C-9336-AB688A003887}"
EndProject
Global
	GlobalSection(SolutionConfigurationPlatforms) = preSolution
		Debug|x86 = Debug|x86
		DEMO|x86 = DEMO|x86
		FULL|x86 = FULL|x86
		MAKEGIF|x86 = MAKEGIF|x86
		PIRATE|x86 = PIRATE|x86
		PRESS|x86 = PRESS|x86
		Release|x86 = Release|x86
		Revvolvver|x86 = Revvolvver|x86
	EndGlobalSection
	GlobalSection(ProjectConfigurationPlatforms) = postSolution
		{50463AEB-DA30-46D5-B01B-93F9C42F5765}.Debug|x86.ActiveCfg = Debug|x86
		{50463AEB-DA30-46D5-B01B-93F9C42F5765}.Debug|x86.Build.0 = Debug|x86
		{50463AEB-DA30-46D5-B01B-93F9C42F5765}.DEMO|x86.ActiveCfg = DEMO|x86
		{50463AEB-DA30-46D5-B01B-93F9C42F5765}.DEMO|x86.Build.0 = DEMO|x86
		{50463AEB-DA30-46D5-B01B-93F9C42F5765}.FULL|x86.ActiveCfg = FULL|x86
		{50463AEB-DA30-46D5-B01B-93F9C42F5765}.FULL|x86.Build.0 = FULL|x86
		{50463AEB-DA30-46D5-B01B-93F9C42F5765}.MAKEGIF|x86.ActiveCfg = MAKEGIF|x86
		{50463AEB-DA30-46D5-B01B-93F9C42F5765}.MAKEGIF|x86.Build.0 = MAKEGIF|x86
		{50463AEB-DA30-46D5-B01B-93F9C42F5765}.PIRATE|x86.ActiveCfg = PIRATE|x86
		{50463AEB-DA30-46D5-B01B-93F9C42F5765}.PIRATE|x86.Build.0 = PIRATE|x86
		{50463AEB-DA30-46D5-B01B-93F9C42F5765}.PRESS|x86.ActiveCfg = PRESS|x86
		{50463AEB-DA30-46D5-B01B-93F9C42F5765}.PRESS|x86.Build.0 = PRESS|x86
		{50463AEB-DA30-46D5-B01B-93F9C42F5765}.Release|x86.ActiveCfg = Release|x86
		{50463AEB-DA30-46D5-B01B-93F9C42F5765}.Release|x86.Build.0 = Release|x86
		{50463AEB-DA30-46D5-B01B-93F9C42F5765}.Revvolvver|x86.ActiveCfg = Release|x86
		{50463AEB-DA30-46D5-B01B-93F9C42F5765}.Revvolvver|x86.Build.0 = Release|x86
		{327F8527-448C-470E-9016-949859914C92}.Debug|x86.ActiveCfg = Debug|x86
		{327F8527-448C-470E-9016-949859914C92}.DEMO|x86.ActiveCfg = Debug|x86
		{327F8527-448C-470E-9016-949859914C92}.FULL|x86.ActiveCfg = Release|x86
		{327F8527-448C-470E-9016-949859914C92}.MAKEGIF|x86.ActiveCfg = Release|x86
		{327F8527-448C-470E-9016-949859914C92}.PIRATE|x86.ActiveCfg = Release|x86
		{327F8527-448C-470E-9016-949859914C92}.PRESS|x86.ActiveCfg = Release|x86
		{327F8527-448C-470E-9016-949859914C92}.Release|x86.ActiveCfg = Release|x86
		{327F8527-448C-470E-9016-949859914C92}.Revvolvver|x86.ActiveCfg = Release|x86
		{0A850700-1ABB-4288-A391-6726B90EBEB9}.Debug|x86.ActiveCfg = Debug|x86
		{0A850700-1ABB-4288-A391-6726B90EBEB9}.Debug|x86.Build.0 = Debug|x86
		{0A850700-1ABB-4288-A391-6726B90EBEB9}.DEMO|x86.ActiveCfg = Debug|x86
		{0A850700-1ABB-4288-A391-6726B90EBEB9}.DEMO|x86.Build.0 = Debug|x86
		{0A850700-1ABB-4288-A391-6726B90EBEB9}.FULL|x86.ActiveCfg = Release|x86
		{0A850700-1ABB-4288-A391-6726B90EBEB9}.FULL|x86.Build.0 = Release|x86
		{0A850700-1ABB-4288-A391-6726B90EBEB9}.MAKEGIF|x86.ActiveCfg = Release|x86
		{0A850700-1ABB-4288-A391-6726B90EBEB9}.MAKEGIF|x86.Build.0 = Release|x86
		{0A850700-1ABB-4288-A391-6726B90EBEB9}.PIRATE|x86.ActiveCfg = Release|x86
		{0A850700-1ABB-4288-A391-6726B90EBEB9}.PIRATE|x86.Build.0 = Release|x86
		{0A850700-1ABB-4288-A391-6726B90EBEB9}.PRESS|x86.ActiveCfg = Release|x86
		{0A850700-1ABB-4288-A391-6726B90EBEB9}.PRESS|x86.Build.0 = Release|x86
		{0A850700-1ABB-4288-A391-6726B90EBEB9}.Release|x86.ActiveCfg = Release|x86
		{0A850700-1ABB-4288-A391-6726B90EBEB9}.Release|x86.Build.0 = Release|x86
		{0A850700-1ABB-4288-A391-6726B90EBEB9}.Revvolvver|x86.ActiveCfg = Release|x86
		{0A850700-1ABB-4288-A391-6726B90EBEB9}.Revvolvver|x86.Build.0 = Release|x86
		{390EC2F8-722B-42FB-8ED4-4273C94245B6}.Debug|x86.ActiveCfg = Debug|x86
		{390EC2F8-722B-42FB-8ED4-4273C94245B6}.Debug|x86.Build.0 = Debug|x86
		{390EC2F8-722B-42FB-8ED4-4273C94245B6}.DEMO|x86.ActiveCfg = Debug|x86
		{390EC2F8-722B-42FB-8ED4-4273C94245B6}.DEMO|x86.Build.0 = Debug|x86
		{390EC2F8-722B-42FB-8ED4-4273C94245B6}.FULL|x86.ActiveCfg = Release|x86
		{390EC2F8-722B-42FB-8ED4-4273C94245B6}.FULL|x86.Build.0 = Release|x86
		{390EC2F8-722B-42FB-8ED4-4273C94245B6}.MAKEGIF|x86.ActiveCfg = Release|x86
		{390EC2F8-722B-42FB-8ED4-4273C94245B6}.MAKEGIF|x86.Build.0 = Release|x86
		{390EC2F8-722B-42FB-8ED4-4273C94245B6}.PIRATE|x86.ActiveCfg = Release|x86
		{390EC2F8-722B-42FB-8ED4-4273C94245B6}.PIRATE|x86.Build.0 = Release|x86
		{390EC2F8-722B-42FB-8ED4-4273C94245B6}.PRESS|x86.ActiveCfg = Release|x86
		{390EC2F8-722B-42FB-8ED4-4273C94245B6}.PRESS|x86.Build.0 = Release|x86
		{390EC2F8-722B-42FB-8ED4-4273C94245B6}.Release|x86.ActiveCfg = Release|x86
		{390EC2F8-722B-42FB-8ED4-4273C94245B6}.Release|x86.Build.0 = Release|x86
		{390EC2F8-722B-42FB-8ED4-4273C94245B6}.Revvolvver|x86.ActiveCfg = Release|x86
		{390EC2F8-722B-42FB-8ED4-4273C94245B6}.Revvolvver|x86.Build.0 = Release|x86
		{E3D7C5C9-FC6B-420C-9336-AB688A003887}.Debug|x86.ActiveCfg = Debug|x86
		{E3D7C5C9-FC6B-420C-9336-AB688A003887}.DEMO|x86.ActiveCfg = Debug|x86
		{E3D7C5C9-FC6B-420C-9336-AB688A003887}.FULL|x86.ActiveCfg = Release|x86
		{E3D7C5C9-FC6B-420C-9336-AB688A003887}.MAKEGIF|x86.ActiveCfg = Release|x86
		{E3D7C5C9-FC6B-420C-9336-AB688A003887}.PIRATE|x86.ActiveCfg = Release|x86
		{E3D7C5C9-FC6B-420C-9336-AB688A003887}.PRESS|x86.ActiveCfg = Release|x86
		{E3D7C5C9-FC6B-420C-9336-AB688A003887}.Release|x86.ActiveCfg = Release|x86
		{E3D7C5C9-FC6B-420C-9336-AB688A003887}.Revvolvver|x86.ActiveCfg = Release|x86
	EndGlobalSection
	GlobalSection(SolutionProperties) = preSolution
		HideSolutionNode = FALSE
	EndGlobalSection
EndGlobal
