
Microsoft Visual Studio Solution File, Format Version 11.00
# Visual C# Express 2010
Project("{FAE04EC0-301F-11D3-BF4B-00C04F79EFBC}") = "XFlixel", "XFlixel\XFlixel.csproj", "{50463AEB-DA30-46D5-B01B-93F9C42F5765}"
EndProject
Project("{FAE04EC0-301F-11D3-BF4B-00C04F79EFBC}") = "XFlixelContent", "XFlixelContent\XFlixelContent.contentproj", "{327F8527-448C-470E-9016-949859914C92}"
EndProject
Project("{FAE04EC0-301F-11D3-BF4B-00C04F79EFBC}") = "Farseer Physics XNA", "XFlixel\Farseer Physics Engine 3.5\Farseer Physics XNA.csproj", "{0A850700-1ABB-4288-A391-6726B90EBEB9}"
EndProject
Project("{FAE04EC0-301F-11D3-BF4B-00C04F79EFBC}") = "XFlixelTemplate", "..\XFlixelTemplate\XFlixelTemplate\XFlixelTemplate\XFlixelTemplate.csproj", "{390EC2F8-722B-42FB-8ED4-4273C94245B6}"
EndProject
Project("{FAE04EC0-301F-11D3-BF4B-00C04F79EFBC}") = "XFlixelTemplateContent", "..\XFlixelTemplate\XFlixelTemplate\XFlixelTemplateContent\XFlixelTemplateContent.contentproj", "{E3D7C5C9-FC6B-420C-9336-AB688A003887}"
EndProject
Global
	GlobalSection(SolutionConfigurationPlatforms) = preSolution
		ANDROID_OUYA|x86 = ANDROID_OUYA|x86
		Debug|x86 = Debug|x86
		IPHONE3|x86 = IPHONE3|x86
		IPHONE4|x86 = IPHONE4|x86
		IPHONE5|x86 = IPHONE5|x86
		IPHONE6|x86 = IPHONE6|x86
		IPHONE6PLUS|x86 = IPHONE6PLUS|x86
		PS_VITA|x86 = PS_VITA|x86
		Release|x86 = Release|x86
	EndGlobalSection
	GlobalSection(ProjectConfigurationPlatforms) = postSolution
		{50463AEB-DA30-46D5-B01B-93F9C42F5765}.ANDROID_OUYA|x86.ActiveCfg = ANDROID_OUYA|x86
		{50463AEB-DA30-46D5-B01B-93F9C42F5765}.ANDROID_OUYA|x86.Build.0 = ANDROID_OUYA|x86
		{50463AEB-DA30-46D5-B01B-93F9C42F5765}.Debug|x86.ActiveCfg = Debug|x86
		{50463AEB-DA30-46D5-B01B-93F9C42F5765}.Debug|x86.Build.0 = Debug|x86
		{50463AEB-DA30-46D5-B01B-93F9C42F5765}.IPHONE3|x86.ActiveCfg = IPHONE3|x86
		{50463AEB-DA30-46D5-B01B-93F9C42F5765}.IPHONE3|x86.Build.0 = IPHONE3|x86
		{50463AEB-DA30-46D5-B01B-93F9C42F5765}.IPHONE4|x86.ActiveCfg = IPHONE4|x86
		{50463AEB-DA30-46D5-B01B-93F9C42F5765}.IPHONE4|x86.Build.0 = IPHONE4|x86
		{50463AEB-DA30-46D5-B01B-93F9C42F5765}.IPHONE5|x86.ActiveCfg = IPHONE5|x86
		{50463AEB-DA30-46D5-B01B-93F9C42F5765}.IPHONE5|x86.Build.0 = IPHONE5|x86
		{50463AEB-DA30-46D5-B01B-93F9C42F5765}.IPHONE6|x86.ActiveCfg = IPHONE6|x86
		{50463AEB-DA30-46D5-B01B-93F9C42F5765}.IPHONE6|x86.Build.0 = IPHONE6|x86
		{50463AEB-DA30-46D5-B01B-93F9C42F5765}.IPHONE6PLUS|x86.ActiveCfg = IPHONE6PLUS|x86
		{50463AEB-DA30-46D5-B01B-93F9C42F5765}.IPHONE6PLUS|x86.Build.0 = IPHONE6PLUS|x86
		{50463AEB-DA30-46D5-B01B-93F9C42F5765}.PS_VITA|x86.ActiveCfg = PS_VITA|x86
		{50463AEB-DA30-46D5-B01B-93F9C42F5765}.PS_VITA|x86.Build.0 = PS_VITA|x86
		{50463AEB-DA30-46D5-B01B-93F9C42F5765}.Release|x86.ActiveCfg = Release|x86
		{50463AEB-DA30-46D5-B01B-93F9C42F5765}.Release|x86.Build.0 = Release|x86
		{327F8527-448C-470E-9016-949859914C92}.ANDROID_OUYA|x86.ActiveCfg = Release|x86
		{327F8527-448C-470E-9016-949859914C92}.Debug|x86.ActiveCfg = Debug|x86
		{327F8527-448C-470E-9016-949859914C92}.IPHONE3|x86.ActiveCfg = Release|x86
		{327F8527-448C-470E-9016-949859914C92}.IPHONE4|x86.ActiveCfg = Release|x86
		{327F8527-448C-470E-9016-949859914C92}.IPHONE5|x86.ActiveCfg = Release|x86
		{327F8527-448C-470E-9016-949859914C92}.IPHONE6|x86.ActiveCfg = Release|x86
		{327F8527-448C-470E-9016-949859914C92}.IPHONE6PLUS|x86.ActiveCfg = Release|x86
		{327F8527-448C-470E-9016-949859914C92}.PS_VITA|x86.ActiveCfg = Release|x86
		{327F8527-448C-470E-9016-949859914C92}.Release|x86.ActiveCfg = Release|x86
		{0A850700-1ABB-4288-A391-6726B90EBEB9}.ANDROID_OUYA|x86.ActiveCfg = ANDROID_OUYA|x86
		{0A850700-1ABB-4288-A391-6726B90EBEB9}.ANDROID_OUYA|x86.Build.0 = ANDROID_OUYA|x86
		{0A850700-1ABB-4288-A391-6726B90EBEB9}.Debug|x86.ActiveCfg = Debug|x86
		{0A850700-1ABB-4288-A391-6726B90EBEB9}.Debug|x86.Build.0 = Debug|x86
		{0A850700-1ABB-4288-A391-6726B90EBEB9}.IPHONE3|x86.ActiveCfg = IPHONE3|x86
		{0A850700-1ABB-4288-A391-6726B90EBEB9}.IPHONE3|x86.Build.0 = IPHONE3|x86
		{0A850700-1ABB-4288-A391-6726B90EBEB9}.IPHONE4|x86.ActiveCfg = IPHONE4|x86
		{0A850700-1ABB-4288-A391-6726B90EBEB9}.IPHONE4|x86.Build.0 = IPHONE4|x86
		{0A850700-1ABB-4288-A391-6726B90EBEB9}.IPHONE5|x86.ActiveCfg = IPHONE5|x86
		{0A850700-1ABB-4288-A391-6726B90EBEB9}.IPHONE5|x86.Build.0 = IPHONE5|x86
		{0A850700-1ABB-4288-A391-6726B90EBEB9}.IPHONE6|x86.ActiveCfg = IPHONE6|x86
		{0A850700-1ABB-4288-A391-6726B90EBEB9}.IPHONE6|x86.Build.0 = IPHONE6|x86
		{0A850700-1ABB-4288-A391-6726B90EBEB9}.IPHONE6PLUS|x86.ActiveCfg = IPHONE6PLUS|x86
		{0A850700-1ABB-4288-A391-6726B90EBEB9}.IPHONE6PLUS|x86.Build.0 = IPHONE6PLUS|x86
		{0A850700-1ABB-4288-A391-6726B90EBEB9}.PS_VITA|x86.ActiveCfg = PS_VITA|x86
		{0A850700-1ABB-4288-A391-6726B90EBEB9}.PS_VITA|x86.Build.0 = PS_VITA|x86
		{0A850700-1ABB-4288-A391-6726B90EBEB9}.Release|x86.ActiveCfg = Release|x86
		{0A850700-1ABB-4288-A391-6726B90EBEB9}.Release|x86.Build.0 = Release|x86
		{390EC2F8-722B-42FB-8ED4-4273C94245B6}.ANDROID_OUYA|x86.ActiveCfg = ANDROID_OUYA|x86
		{390EC2F8-722B-42FB-8ED4-4273C94245B6}.ANDROID_OUYA|x86.Build.0 = ANDROID_OUYA|x86
		{390EC2F8-722B-42FB-8ED4-4273C94245B6}.Debug|x86.ActiveCfg = Debug|x86
		{390EC2F8-722B-42FB-8ED4-4273C94245B6}.Debug|x86.Build.0 = Debug|x86
		{390EC2F8-722B-42FB-8ED4-4273C94245B6}.IPHONE3|x86.ActiveCfg = IPHONE3|x86
		{390EC2F8-722B-42FB-8ED4-4273C94245B6}.IPHONE3|x86.Build.0 = IPHONE3|x86
		{390EC2F8-722B-42FB-8ED4-4273C94245B6}.IPHONE4|x86.ActiveCfg = IPHONE4|x86
		{390EC2F8-722B-42FB-8ED4-4273C94245B6}.IPHONE4|x86.Build.0 = IPHONE4|x86
		{390EC2F8-722B-42FB-8ED4-4273C94245B6}.IPHONE5|x86.ActiveCfg = IPHONE5|x86
		{390EC2F8-722B-42FB-8ED4-4273C94245B6}.IPHONE5|x86.Build.0 = IPHONE5|x86
		{390EC2F8-722B-42FB-8ED4-4273C94245B6}.IPHONE6|x86.ActiveCfg = IPHONE6|x86
		{390EC2F8-722B-42FB-8ED4-4273C94245B6}.IPHONE6|x86.Build.0 = IPHONE6|x86
		{390EC2F8-722B-42FB-8ED4-4273C94245B6}.IPHONE6PLUS|x86.ActiveCfg = IPHONE6PLUS|x86
		{390EC2F8-722B-42FB-8ED4-4273C94245B6}.IPHONE6PLUS|x86.Build.0 = IPHONE6PLUS|x86
		{390EC2F8-722B-42FB-8ED4-4273C94245B6}.PS_VITA|x86.ActiveCfg = PS_VITA|x86
		{390EC2F8-722B-42FB-8ED4-4273C94245B6}.PS_VITA|x86.Build.0 = PS_VITA|x86
		{390EC2F8-722B-42FB-8ED4-4273C94245B6}.Release|x86.ActiveCfg = Release|x86
		{390EC2F8-722B-42FB-8ED4-4273C94245B6}.Release|x86.Build.0 = Release|x86
		{E3D7C5C9-FC6B-420C-9336-AB688A003887}.ANDROID_OUYA|x86.ActiveCfg = Release|x86
		{E3D7C5C9-FC6B-420C-9336-AB688A003887}.Debug|x86.ActiveCfg = Debug|x86
		{E3D7C5C9-FC6B-420C-9336-AB688A003887}.IPHONE3|x86.ActiveCfg = Release|x86
		{E3D7C5C9-FC6B-420C-9336-AB688A003887}.IPHONE4|x86.ActiveCfg = Release|x86
		{E3D7C5C9-FC6B-420C-9336-AB688A003887}.IPHONE5|x86.ActiveCfg = Release|x86
		{E3D7C5C9-FC6B-420C-9336-AB688A003887}.IPHONE6|x86.ActiveCfg = Release|x86
		{E3D7C5C9-FC6B-420C-9336-AB688A003887}.IPHONE6PLUS|x86.ActiveCfg = Release|x86
		{E3D7C5C9-FC6B-420C-9336-AB688A003887}.PS_VITA|x86.ActiveCfg = Release|x86
		{E3D7C5C9-FC6B-420C-9336-AB688A003887}.Release|x86.ActiveCfg = Release|x86
	EndGlobalSection
	GlobalSection(SolutionProperties) = preSolution
		HideSolutionNode = FALSE
	EndGlobalSection
EndGlobal
